{
    "_meta": {
        "hash": {
            "sha256": "27f645df4c660fa2af28af7c779392552c88c5b42e9d167120577600c142d67a"
        },
        "pipfile-spec": 6,
        "requires": {
            "python_version": "3.8"
        },
        "sources": [
            {
                "name": "pypi",
                "url": "https://pypi.org/simple",
                "verify_ssl": true
            }
        ]
    },
    "default": {
        "click": {
            "hashes": [
                "sha256:d2b5255c7c6349bc1bd1e59e08cd12acbbd63ce649f2588755783aa94dfb6b1a",
                "sha256:dacca89f4bfadd5de3d7489b7c8a566eee0d3676333fbb50030263894c38c0dc"
            ],
            "index": "pypi",
            "version": "==7.1.2"
        },
        "colorama": {
            "hashes": [
                "sha256:7d73d2a99753107a36ac6b455ee49046802e59d9d076ef8e47b61499fa29afff",
                "sha256:e96da0d330793e2cb9485e9ddfd918d456036c7149416295932478192f4436a1"
            ],
            "index": "pypi",
            "version": "==0.4.3"
        },
        "halo": {
            "hashes": [
                "sha256:78750d4778488b79b12104f3a966259579df6b42eec0d7736b3125bfc4c01b10",
                "sha256:ad1fb4d7e29fe846d323bf4a8bf9e65fddcb24c10258c13e964cab13278f9568"
            ],
            "index": "pypi",
            "version": "==0.0.30"
        },
        "isbnlib": {
            "hashes": [
                "sha256:2295c01465fe19776b1f9432fd99fd24e61230d146ded2752e0d980ef6f4101f",
                "sha256:55a0f8d2070ce366fd4d03b4f30fe6caf9d0cadb4ae107676980570473e41178"
            ],
            "index": "pypi",
            "version": "==3.10.3"
        },
        "log-symbols": {
            "hashes": [
                "sha256:4952106ff8b605ab7d5081dd2c7e6ca7374584eff7086f499c06edd1ce56dcca",
                "sha256:cf0bbc6fe1a8e53f0d174a716bc625c4f87043cc21eb55dd8a740cfe22680556"
            ],
            "version": "==0.0.14"
        },
        "six": {
            "hashes": [
                "sha256:30639c035cdb23534cd4aa2dd52c3bf48f06e5f4a941509c8bafd8ce11080259",
                "sha256:8b74bedcbbbaca38ff6d7491d76f2b06b3592611af620f8426e82dddb04a5ced"
            ],
            "version": "==1.15.0"
        },
        "spinners": {
            "hashes": [
                "sha256:1eb6aeb4781d72ab42ed8a01dcf20f3002bf50740d7154d12fb8c9769bf9e27f",
                "sha256:2fa30d0b72c9650ad12bbe031c9943b8d441e41b4f5602b0ec977a19f3290e98"
            ],
            "version": "==0.0.24"
        },
        "termcolor": {
            "hashes": [
                "sha256:1d6d69ce66211143803fbc56652b41d73b4a400a2891d7bf7a1cdf4c02de613b"
            ],
            "version": "==1.1.0"
        }
    },
    "develop": {}
}
