version = 1
revision = 3
requires-python = ">=3.14"

[[package]]
name = "citation"
version = "1.0.0"
source = { virtual = "." }
dependencies = [
    { name = "click" },
    { name = "colorama" },
    { name = "halo" },
    { name = "isbnlib" },
]

[package.metadata]
requires-dist = [
    { name = "click" },
    { name = "colorama" },
    { name = "halo" },
    { name = "isbnlib" },
]

[[package]]
name = "click"
version = "8.4.2"
source = { registry = "https://pypi.org/simple" }
dependencies = [
    { name = "colorama", marker = "sys_platform == 'win32'" },
]
sdist = { url = "https://files.pythonhosted.org/packages/76/d4/81420972a676e8ffea40450d8c8c92943e7218a78fe9b64359836cc9876b/click-8.4.2.tar.gz", hash = "sha256:9a6cea6e60b17ebe0a44c5cc636d94f09bd66142c1cd7d8b4cd731c4917a15f6", size = 338000, upload-time = "2026-06-24T17:45:15.148Z" }
wheels = [
    { url = "https://files.pythonhosted.org/packages/fb/e2/79c688af8b210d232694e31e59da9f6ec747bae31c3f5946e4e9b98860d5/click-8.4.2-py3-none-any.whl", hash = "sha256:e6f9f66136c816745b9d65817da91d61d957fb16e02e4dcd0552553c5a197b76", size = 119243, upload-time = "2026-06-24T17:45:13.73Z" },
]

[[package]]
name = "colorama"
version = "0.4.6"
source = { registry = "https://pypi.org/simple" }
sdist = { url = "https://files.pythonhosted.org/packages/d8/53/6f443c9a4a8358a93a6792e2acffb9d9d5cb0a5cfd8802644b7b1c9a02e4/colorama-0.4.6.tar.gz", hash = "sha256:08695f5cb7ed6e0531a20572697297273c47b8cae5a63ffc6d6ed5c201be6e44", size = 27697, upload-time = "2022-10-25T02:36:22.414Z" }
wheels = [
    { url = "https://files.pythonhosted.org/packages/d1/d6/3965ed04c63042e047cb6a3e6ed1a63a35087b6a609aa3a15ed8ac56c221/colorama-0.4.6-py2.py3-none-any.whl", hash = "sha256:4f1d9991f5acc0ca119f9d443620b77f9d6b33703e51011c16baf57afb285fc6", size = 25335, upload-time = "2022-10-25T02:36:20.889Z" },
]

[[package]]
name = "halo"
version = "0.0.31"
source = { registry = "https://pypi.org/simple" }
dependencies = [
    { name = "colorama" },
    { name = "log-symbols" },
    { name = "six" },
    { name = "spinners" },
    { name = "termcolor" },
]
sdist = { url = "https://files.pythonhosted.org/packages/ee/48/d53580d30b1fabf25d0d1fcc3f5b26d08d2ac75a1890ff6d262f9f027436/halo-0.0.31.tar.gz", hash = "sha256:7b67a3521ee91d53b7152d4ee3452811e1d2a6321975137762eb3d70063cc9d6", size = 11666, upload-time = "2020-11-10T02:36:48.335Z" }

[[package]]
name = "isbnlib"
version = "3.10.14"
source = { registry = "https://pypi.org/simple" }
sdist = { url = "https://files.pythonhosted.org/packages/9e/6d/55b9ee89fdfb3aacb92b975a60357c7aa547db358817e16be3b6f8f5d781/isbnlib-3.10.14.tar.gz", hash = "sha256:96f90864c77b01f55fa11e5bfca9fd909501d9842f3bc710d4eab85195d90539", size = 48046, upload-time = "2023-04-26T08:53:05.486Z" }
wheels = [
    { url = "https://files.pythonhosted.org/packages/dd/ce/1eb1e2afaca49add3185e202ce9c2c6d5779b7eecb20973e43ad804eb2a4/isbnlib-3.10.14-py2.py3-none-any.whl", hash = "sha256:f885b350fc8e600a919ed46e3b07253062cd604af69885455a25a299217b3fe2", size = 52535, upload-time = "2023-04-26T08:53:03.024Z" },
]

[[package]]
name = "log-symbols"
version = "0.0.14"
source = { registry = "https://pypi.org/simple" }
dependencies = [
    { name = "colorama" },
]
sdist = { url = "https://files.pythonhosted.org/packages/45/87/e86645d758a4401c8c81914b6a88470634d1785c9ad09823fa4a1bd89250/log_symbols-0.0.14.tar.gz", hash = "sha256:cf0bbc6fe1a8e53f0d174a716bc625c4f87043cc21eb55dd8a740cfe22680556", size = 3211, upload-time = "2019-08-08T06:32:22.538Z" }
wheels = [
    { url = "https://files.pythonhosted.org/packages/28/5d/d710c38be68b0fb54e645048fe359c3904cc3cb64b2de9d40e1712bf110c/log_symbols-0.0.14-py3-none-any.whl", hash = "sha256:4952106ff8b605ab7d5081dd2c7e6ca7374584eff7086f499c06edd1ce56dcca", size = 3081, upload-time = "2019-08-08T06:32:20.604Z" },
]

[[package]]
name = "six"
version = "1.17.0"
source = { registry = "https://pypi.org/simple" }
sdist = { url = "https://files.pythonhosted.org/packages/94/e7/b2c673351809dca68a0e064b6af791aa332cf192da575fd474ed7d6f16a2/six-1.17.0.tar.gz", hash = "sha256:ff70335d468e7eb6ec65b95b99d3a2836546063f63acc5171de367e834932a81", size = 34031, upload-time = "2024-12-04T17:35:28.174Z" }
wheels = [
    { url = "https://files.pythonhosted.org/packages/b7/ce/149a00dd41f10bc29e5921b496af8b574d8413afcd5e30dfa0ed46c2cc5e/six-1.17.0-py2.py3-none-any.whl", hash = "sha256:4721f391ed90541fddacab5acf947aa0d3dc7d27b2e1e8eda2be8970586c3274", size = 11050, upload-time = "2024-12-04T17:35:26.475Z" },
]

[[package]]
name = "spinners"
version = "0.0.24"
source = { registry = "https://pypi.org/simple" }
sdist = { url = "https://files.pythonhosted.org/packages/d3/91/bb331f0a43e04d950a710f402a0986a54147a35818df0e1658551c8d12e1/spinners-0.0.24.tar.gz", hash = "sha256:1eb6aeb4781d72ab42ed8a01dcf20f3002bf50740d7154d12fb8c9769bf9e27f", size = 5308, upload-time = "2020-02-19T21:42:32.326Z" }
wheels = [
    { url = "https://files.pythonhosted.org/packages/9f/8e/3310207a68118000ca27ac878b8386123628b335ecb3d4bec4743357f0d1/spinners-0.0.24-py3-none-any.whl", hash = "sha256:2fa30d0b72c9650ad12bbe031c9943b8d441e41b4f5602b0ec977a19f3290e98", size = 5499, upload-time = "2020-02-19T21:42:30.876Z" },
]

[[package]]
name = "termcolor"
version = "3.3.0"
source = { registry = "https://pypi.org/simple" }
sdist = { url = "https://files.pythonhosted.org/packages/46/79/cf31d7a93a8fdc6aa0fbb665be84426a8c5a557d9240b6239e9e11e35fc5/termcolor-3.3.0.tar.gz", hash = "sha256:348871ca648ec6a9a983a13ab626c0acce02f515b9e1983332b17af7979521c5", size = 14434, upload-time = "2025-12-29T12:55:21.882Z" }
wheels = [
    { url = "https://files.pythonhosted.org/packages/33/d1/8bb87d21e9aeb323cc03034f5eaf2c8f69841e40e4853c2627edf8111ed3/termcolor-3.3.0-py3-none-any.whl", hash = "sha256:cf642efadaf0a8ebbbf4bc7a31cec2f9b5f21a9f726f4ccbb08192c9c26f43a5", size = 7734, upload-time = "2025-12-29T12:55:20.718Z" },
]
